results/disc/08_susier/ARID3A/susier_credible_set.tsv
results/disc/08_susier/ARID3A/diagnostics.json
results/disc/08_susier/ARID3A/susier.done
results/disc/06_ld_qc/ARID3A/ld_matrix_qc.tsv
results/disc/06_ld_qc/ARID3A/diagnostics.json
results/disc/06_ld_qc/ARID3A/ld_qc.done
results/disc/05_ld_matrix/ARID3A/ld_matrix.tsv
results/disc/05_ld_matrix/ARID3A/diagnostics.json
results/disc/05_ld_matrix/ARID3A/ld_matrix.done
